
Microsoft Visual Studio Solution File, Format Version 12.00
# Visual Studio Version 17
VisualStudioVersion = 17.0.31903.59
MinimumVisualStudioVersion = 10.0.40219.1
Project("{2150E333-8FDC-42A3-9474-1A3956D46DE8}") = "src", "src", "{827E0CD3-B72D-47B6-A68D-7590B98EB39B}"
EndProject
Project("{FAE04EC0-301F-11D3-BF4B-00C04F79EFBC}") = "DotNetApiPi.Domain", "src\DotNetApiPi.Domain\DotNetApiPi.Domain.csproj", "{59BB64CC-E790-4D61-AE01-9DEE82279309}"
EndProject
Project("{FAE04EC0-301F-11D3-BF4B-00C04F79EFBC}") = "DotNetApiPi.Application", "src\DotNetApiPi.Application\DotNetApiPi.Application.csproj", "{AC5D134B-E1DF-43A6-BE55-1F833F893DAC}"
EndProject
Project("{FAE04EC0-301F-11D3-BF4B-00C04F79EFBC}") = "DotNetApiPi.Infrastructure", "src\DotNetApiPi.Infrastructure\DotNetApiPi.Infrastructure.csproj", "{D0DC845F-9716-42BD-87FB-971E83CAD7CD}"
EndProject
Project("{FAE04EC0-301F-11D3-BF4B-00C04F79EFBC}") = "DotNetApiPi.Api", "src\DotNetApiPi.Api\DotNetApiPi.Api.csproj", "{8DEE879D-6E24-4E60-90A3-02540A420D4E}"
EndProject
Project("{2150E333-8FDC-42A3-9474-1A3956D46DE8}") = "tests", "tests", "{0AB3BF05-4346-4AA6-1389-037BE0695223}"
EndProject
Project("{FAE04EC0-301F-11D3-BF4B-00C04F79EFBC}") = "DotNetApiPi.Application.Tests", "tests\DotNetApiPi.Application.Tests\DotNetApiPi.Application.Tests.csproj", "{BD5CF5E2-CAD7-471D-BDAD-6533AFC4B0A3}"
EndProject
Project("{FAE04EC0-301F-11D3-BF4B-00C04F79EFBC}") = "DotNetApiPi.Domain.Tests", "tests\DotNetApiPi.Domain.Tests\DotNetApiPi.Domain.Tests.csproj", "{2578DBC7-3874-4C25-AC48-C2754D2AF2CD}"
EndProject
Project("{FAE04EC0-301F-11D3-BF4B-00C04F79EFBC}") = "DotNetApiPi.Infrastructure.Tests", "tests\DotNetApiPi.Infrastructure.Tests\DotNetApiPi.Infrastructure.Tests.csproj", "{53277FE7-380F-40D9-BEDB-E14C708A5CB1}"
EndProject
Project("{FAE04EC0-301F-11D3-BF4B-00C04F79EFBC}") = "DotNetApiPi.Api.Integration.Tests", "tests\DotNetApiPi.Api.Integration.Tests\DotNetApiPi.Api.Integration.Tests.csproj", "{5EC315F1-5C6A-44A5-8363-97D940B8EAE7}"
EndProject
Global
	GlobalSection(SolutionConfigurationPlatforms) = preSolution
		Debug|Any CPU = Debug|Any CPU
		Debug|x64 = Debug|x64
		Debug|x86 = Debug|x86
		Release|Any CPU = Release|Any CPU
		Release|x64 = Release|x64
		Release|x86 = Release|x86
	EndGlobalSection
	GlobalSection(ProjectConfigurationPlatforms) = postSolution
		{59BB64CC-E790-4D61-AE01-9DEE82279309}.Debug|Any CPU.ActiveCfg = Debug|Any CPU
		{59BB64CC-E790-4D61-AE01-9DEE82279309}.Debug|Any CPU.Build.0 = Debug|Any CPU
		{59BB64CC-E790-4D61-AE01-9DEE82279309}.Debug|x64.ActiveCfg = Debug|Any CPU
		{59BB64CC-E790-4D61-AE01-9DEE82279309}.Debug|x64.Build.0 = Debug|Any CPU
		{59BB64CC-E790-4D61-AE01-9DEE82279309}.Debug|x86.ActiveCfg = Debug|Any CPU
		{59BB64CC-E790-4D61-AE01-9DEE82279309}.Debug|x86.Build.0 = Debug|Any CPU
		{59BB64CC-E790-4D61-AE01-9DEE82279309}.Release|Any CPU.ActiveCfg = Release|Any CPU
		{59BB64CC-E790-4D61-AE01-9DEE82279309}.Release|Any CPU.Build.0 = Release|Any CPU
		{59BB64CC-E790-4D61-AE01-9DEE82279309}.Release|x64.ActiveCfg = Release|Any CPU
		{59BB64CC-E790-4D61-AE01-9DEE82279309}.Release|x64.Build.0 = Release|Any CPU
		{59BB64CC-E790-4D61-AE01-9DEE82279309}.Release|x86.ActiveCfg = Release|Any CPU
		{59BB64CC-E790-4D61-AE01-9DEE82279309}.Release|x86.Build.0 = Release|Any CPU
		{AC5D134B-E1DF-43A6-BE55-1F833F893DAC}.Debug|Any CPU.ActiveCfg = Debug|Any CPU
		{AC5D134B-E1DF-43A6-BE55-1F833F893DAC}.Debug|Any CPU.Build.0 = Debug|Any CPU
		{AC5D134B-E1DF-43A6-BE55-1F833F893DAC}.Debug|x64.ActiveCfg = Debug|Any CPU
		{AC5D134B-E1DF-43A6-BE55-1F833F893DAC}.Debug|x64.Build.0 = Debug|Any CPU
		{AC5D134B-E1DF-43A6-BE55-1F833F893DAC}.Debug|x86.ActiveCfg = Debug|Any CPU
		{AC5D134B-E1DF-43A6-BE55-1F833F893DAC}.Debug|x86.Build.0 = Debug|Any CPU
		{AC5D134B-E1DF-43A6-BE55-1F833F893DAC}.Release|Any CPU.ActiveCfg = Release|Any CPU
		{AC5D134B-E1DF-43A6-BE55-1F833F893DAC}.Release|Any CPU.Build.0 = Release|Any CPU
		{AC5D134B-E1DF-43A6-BE55-1F833F893DAC}.Release|x64.ActiveCfg = Release|Any CPU
		{AC5D134B-E1DF-43A6-BE55-1F833F893DAC}.Release|x64.Build.0 = Release|Any CPU
		{AC5D134B-E1DF-43A6-BE55-1F833F893DAC}.Release|x86.ActiveCfg = Release|Any CPU
		{AC5D134B-E1DF-43A6-BE55-1F833F893DAC}.Release|x86.Build.0 = Release|Any CPU
		{D0DC845F-9716-42BD-87FB-971E83CAD7CD}.Debug|Any CPU.ActiveCfg = Debug|Any CPU
		{D0DC845F-9716-42BD-87FB-971E83CAD7CD}.Debug|Any CPU.Build.0 = Debug|Any CPU
		{D0DC845F-9716-42BD-87FB-971E83CAD7CD}.Debug|x64.ActiveCfg = Debug|Any CPU
		{D0DC845F-9716-42BD-87FB-971E83CAD7CD}.Debug|x64.Build.0 = Debug|Any CPU
		{D0DC845F-9716-42BD-87FB-971E83CAD7CD}.Debug|x86.ActiveCfg = Debug|Any CPU
		{D0DC845F-9716-42BD-87FB-971E83CAD7CD}.Debug|x86.Build.0 = Debug|Any CPU
		{D0DC845F-9716-42BD-87FB-971E83CAD7CD}.Release|Any CPU.ActiveCfg = Release|Any CPU
		{D0DC845F-9716-42BD-87FB-971E83CAD7CD}.Release|Any CPU.Build.0 = Release|Any CPU
		{D0DC845F-9716-42BD-87FB-971E83CAD7CD}.Release|x64.ActiveCfg = Release|Any CPU
		{D0DC845F-9716-42BD-87FB-971E83CAD7CD}.Release|x64.Build.0 = Release|Any CPU
		{D0DC845F-9716-42BD-87FB-971E83CAD7CD}.Release|x86.ActiveCfg = Release|Any CPU
		{D0DC845F-9716-42BD-87FB-971E83CAD7CD}.Release|x86.Build.0 = Release|Any CPU
		{8DEE879D-6E24-4E60-90A3-02540A420D4E}.Debug|Any CPU.ActiveCfg = Debug|Any CPU
		{8DEE879D-6E24-4E60-90A3-02540A420D4E}.Debug|Any CPU.Build.0 = Debug|Any CPU
		{8DEE879D-6E24-4E60-90A3-02540A420D4E}.Debug|x64.ActiveCfg = Debug|Any CPU
		{8DEE879D-6E24-4E60-90A3-02540A420D4E}.Debug|x64.Build.0 = Debug|Any CPU
		{8DEE879D-6E24-4E60-90A3-02540A420D4E}.Debug|x86.ActiveCfg = Debug|Any CPU
		{8DEE879D-6E24-4E60-90A3-02540A420D4E}.Debug|x86.Build.0 = Debug|Any CPU
		{8DEE879D-6E24-4E60-90A3-02540A420D4E}.Release|Any CPU.ActiveCfg = Release|Any CPU
		{8DEE879D-6E24-4E60-90A3-02540A420D4E}.Release|Any CPU.Build.0 = Release|Any CPU
		{8DEE879D-6E24-4E60-90A3-02540A420D4E}.Release|x64.ActiveCfg = Release|Any CPU
		{8DEE879D-6E24-4E60-90A3-02540A420D4E}.Release|x64.Build.0 = Release|Any CPU
		{8DEE879D-6E24-4E60-90A3-02540A420D4E}.Release|x86.ActiveCfg = Release|Any CPU
		{8DEE879D-6E24-4E60-90A3-02540A420D4E}.Release|x86.Build.0 = Release|Any CPU
		{BD5CF5E2-CAD7-471D-BDAD-6533AFC4B0A3}.Debug|Any CPU.ActiveCfg = Debug|Any CPU
		{BD5CF5E2-CAD7-471D-BDAD-6533AFC4B0A3}.Debug|Any CPU.Build.0 = Debug|Any CPU
		{BD5CF5E2-CAD7-471D-BDAD-6533AFC4B0A3}.Debug|x64.ActiveCfg = Debug|Any CPU
		{BD5CF5E2-CAD7-471D-BDAD-6533AFC4B0A3}.Debug|x64.Build.0 = Debug|Any CPU
		{BD5CF5E2-CAD7-471D-BDAD-6533AFC4B0A3}.Debug|x86.ActiveCfg = Debug|Any CPU
		{BD5CF5E2-CAD7-471D-BDAD-6533AFC4B0A3}.Debug|x86.Build.0 = Debug|Any CPU
		{BD5CF5E2-CAD7-471D-BDAD-6533AFC4B0A3}.Release|Any CPU.ActiveCfg = Release|Any CPU
		{BD5CF5E2-CAD7-471D-BDAD-6533AFC4B0A3}.Release|Any CPU.Build.0 = Release|Any CPU
		{BD5CF5E2-CAD7-471D-BDAD-6533AFC4B0A3}.Release|x64.ActiveCfg = Release|Any CPU
		{BD5CF5E2-CAD7-471D-BDAD-6533AFC4B0A3}.Release|x64.Build.0 = Release|Any CPU
		{BD5CF5E2-CAD7-471D-BDAD-6533AFC4B0A3}.Release|x86.ActiveCfg = Release|Any CPU
		{BD5CF5E2-CAD7-471D-BDAD-6533AFC4B0A3}.Release|x86.Build.0 = Release|Any CPU
		{2578DBC7-3874-4C25-AC48-C2754D2AF2CD}.Debug|Any CPU.ActiveCfg = Debug|Any CPU
		{2578DBC7-3874-4C25-AC48-C2754D2AF2CD}.Debug|Any CPU.Build.0 = Debug|Any CPU
		{2578DBC7-3874-4C25-AC48-C2754D2AF2CD}.Debug|x64.ActiveCfg = Debug|Any CPU
		{2578DBC7-3874-4C25-AC48-C2754D2AF2CD}.Debug|x64.Build.0 = Debug|Any CPU
		{2578DBC7-3874-4C25-AC48-C2754D2AF2CD}.Debug|x86.ActiveCfg = Debug|Any CPU
		{2578DBC7-3874-4C25-AC48-C2754D2AF2CD}.Debug|x86.Build.0 = Debug|Any CPU
		{2578DBC7-3874-4C25-AC48-C2754D2AF2CD}.Release|Any CPU.ActiveCfg = Release|Any CPU
		{2578DBC7-3874-4C25-AC48-C2754D2AF2CD}.Release|Any CPU.Build.0 = Release|Any CPU
		{2578DBC7-3874-4C25-AC48-C2754D2AF2CD}.Release|x64.ActiveCfg = Release|Any CPU
		{2578DBC7-3874-4C25-AC48-C2754D2AF2CD}.Release|x64.Build.0 = Release|Any CPU
		{2578DBC7-3874-4C25-AC48-C2754D2AF2CD}.Release|x86.ActiveCfg = Release|Any CPU
		{2578DBC7-3874-4C25-AC48-C2754D2AF2CD}.Release|x86.Build.0 = Release|Any CPU
		{53277FE7-380F-40D9-BEDB-E14C708A5CB1}.Debug|Any CPU.ActiveCfg = Debug|Any CPU
		{53277FE7-380F-40D9-BEDB-E14C708A5CB1}.Debug|Any CPU.Build.0 = Debug|Any CPU
		{53277FE7-380F-40D9-BEDB-E14C708A5CB1}.Debug|x64.ActiveCfg = Debug|Any CPU
		{53277FE7-380F-40D9-BEDB-E14C708A5CB1}.Debug|x64.Build.0 = Debug|Any CPU
		{53277FE7-380F-40D9-BEDB-E14C708A5CB1}.Debug|x86.ActiveCfg = Debug|Any CPU
		{53277FE7-380F-40D9-BEDB-E14C708A5CB1}.Debug|x86.Build.0 = Debug|Any CPU
		{53277FE7-380F-40D9-BEDB-E14C708A5CB1}.Release|Any CPU.ActiveCfg = Release|Any CPU
		{53277FE7-380F-40D9-BEDB-E14C708A5CB1}.Release|Any CPU.Build.0 = Release|Any CPU
		{53277FE7-380F-40D9-BEDB-E14C708A5CB1}.Release|x64.ActiveCfg = Release|Any CPU
		{53277FE7-380F-40D9-BEDB-E14C708A5CB1}.Release|x64.Build.0 = Release|Any CPU
		{53277FE7-380F-40D9-BEDB-E14C708A5CB1}.Release|x86.ActiveCfg = Release|Any CPU
		{53277FE7-380F-40D9-BEDB-E14C708A5CB1}.Release|x86.Build.0 = Release|Any CPU
		{5EC315F1-5C6A-44A5-8363-97D940B8EAE7}.Debug|Any CPU.ActiveCfg = Debug|Any CPU
		{5EC315F1-5C6A-44A5-8363-97D940B8EAE7}.Debug|Any CPU.Build.0 = Debug|Any CPU
		{5EC315F1-5C6A-44A5-8363-97D940B8EAE7}.Debug|x64.ActiveCfg = Debug|Any CPU
		{5EC315F1-5C6A-44A5-8363-97D940B8EAE7}.Debug|x64.Build.0 = Debug|Any CPU
		{5EC315F1-5C6A-44A5-8363-97D940B8EAE7}.Debug|x86.ActiveCfg = Debug|Any CPU
		{5EC315F1-5C6A-44A5-8363-97D940B8EAE7}.Debug|x86.Build.0 = Debug|Any CPU
		{5EC315F1-5C6A-44A5-8363-97D940B8EAE7}.Release|Any CPU.ActiveCfg = Release|Any CPU
		{5EC315F1-5C6A-44A5-8363-97D940B8EAE7}.Release|Any CPU.Build.0 = Release|Any CPU
		{5EC315F1-5C6A-44A5-8363-97D940B8EAE7}.Release|x64.ActiveCfg = Release|Any CPU
		{5EC315F1-5C6A-44A5-8363-97D940B8EAE7}.Release|x64.Build.0 = Release|Any CPU
		{5EC315F1-5C6A-44A5-8363-97D940B8EAE7}.Release|x86.ActiveCfg = Release|Any CPU
		{5EC315F1-5C6A-44A5-8363-97D940B8EAE7}.Release|x86.Build.0 = Release|Any CPU
	EndGlobalSection
	GlobalSection(SolutionProperties) = preSolution
		HideSolutionNode = FALSE
	EndGlobalSection
	GlobalSection(NestedProjects) = preSolution
		{59BB64CC-E790-4D61-AE01-9DEE82279309} = {827E0CD3-B72D-47B6-A68D-7590B98EB39B}
		{AC5D134B-E1DF-43A6-BE55-1F833F893DAC} = {827E0CD3-B72D-47B6-A68D-7590B98EB39B}
		{D0DC845F-9716-42BD-87FB-971E83CAD7CD} = {827E0CD3-B72D-47B6-A68D-7590B98EB39B}
		{8DEE879D-6E24-4E60-90A3-02540A420D4E} = {827E0CD3-B72D-47B6-A68D-7590B98EB39B}
		{BD5CF5E2-CAD7-471D-BDAD-6533AFC4B0A3} = {0AB3BF05-4346-4AA6-1389-037BE0695223}
		{2578DBC7-3874-4C25-AC48-C2754D2AF2CD} = {0AB3BF05-4346-4AA6-1389-037BE0695223}
		{53277FE7-380F-40D9-BEDB-E14C708A5CB1} = {0AB3BF05-4346-4AA6-1389-037BE0695223}
		{5EC315F1-5C6A-44A5-8363-97D940B8EAE7} = {0AB3BF05-4346-4AA6-1389-037BE0695223}
	EndGlobalSection
EndGlobal
